
Microsoft Visual Studio Solution File, Format Version 12.00
# Visual Studio Version 16
VisualStudioVersion = 16.0.32126.315
MinimumVisualStudioVersion = 10.0.40219.1
Project("{FAE04EC0-301F-11D3-BF4B-00C04F79EFBC}") = "AccountingProject", "AccountingProject\AccountingProject.csproj", "{BC3D85FE-A19B-40C4-8AB8-4E7732E63B69}"
EndProject
Global
	GlobalSection(SolutionConfigurationPlatforms) = preSolution
		Debug|Any CPU = Debug|Any CPU
		Release|Any CPU = Release|Any CPU
	EndGlobalSection
	GlobalSection(ProjectConfigurationPlatforms) = postSolution
		{BC3D85FE-A19B-40C4-8AB8-4E7732E63B69}.Debug|Any CPU.ActiveCfg = Debug|Any CPU
		{BC3D85FE-A19B-40C4-8AB8-4E7732E63B69}.Debug|Any CPU.Build.0 = Debug|Any CPU
		{BC3D85FE-A19B-40C4-8AB8-4E7732E63B69}.Release|Any CPU.ActiveCfg = Release|Any CPU
		{BC3D85FE-A19B-40C4-8AB8-4E7732E63B69}.Release|Any CPU.Build.0 = Release|Any CPU
	EndGlobalSection
	GlobalSection(SolutionProperties) = preSolution
		HideSolutionNode = FALSE
	EndGlobalSection
	GlobalSection(ExtensibilityGlobals) = postSolution
		SolutionGuid = {86DB9BD3-DBDA-4797-92DC-E3F5E9C01EFD}
	EndGlobalSection
EndGlobal
